
Microsoft Visual Studio Solution File, Format Version 12.00
# Visual Studio Version 17
VisualStudioVersion = 17.2.32630.192
MinimumVisualStudioVersion = 10.0.40219.1
Project("{FAE04EC0-301F-11D3-BF4B-00C04F79EFBC}") = "CoffeeShopRegistration", "CoffeeShopRegistration.csproj", "{4996CF39-C3F7-4D7B-B08F-68C7B01957D4}"
EndProject
Global
	GlobalSection(SolutionConfigurationPlatforms) = preSolution
		Debug|Any CPU = Debug|Any CPU
		Release|Any CPU = Release|Any CPU
	EndGlobalSection
	GlobalSection(ProjectConfigurationPlatforms) = postSolution
		{4996CF39-C3F7-4D7B-B08F-68C7B01957D4}.Debug|Any CPU.ActiveCfg = Debug|Any CPU
		{4996CF39-C3F7-4D7B-B08F-68C7B01957D4}.Debug|Any CPU.Build.0 = Debug|Any CPU
		{4996CF39-C3F7-4D7B-B08F-68C7B01957D4}.Release|Any CPU.ActiveCfg = Release|Any CPU
		{4996CF39-C3F7-4D7B-B08F-68C7B01957D4}.Release|Any CPU.Build.0 = Release|Any CPU
	EndGlobalSection
	GlobalSection(SolutionProperties) = preSolution
		HideSolutionNode = FALSE
	EndGlobalSection
	GlobalSection(ExtensibilityGlobals) = postSolution
		SolutionGuid = {CAD2529A-2E8A-4730-BF5F-E86DA91397ED}
	EndGlobalSection
EndGlobal
